
Microsoft Visual Studio Solution File, Format Version 12.00
# Visual Studio Version 16
VisualStudioVersion = 16.0.29403.142
MinimumVisualStudioVersion = 10.0.40219.1
Project("{FAE04EC0-301F-11D3-BF4B-00C04F79EFBC}") = "CreativeConnectsWeb", "CreativeConnectsWeb\CreativeConnectsWeb.csproj", "{4AD244CB-3242-4E0A-9B06-29FC7FA4D91C}"
EndProject
Global
	GlobalSection(SolutionConfigurationPlatforms) = preSolution
		Debug|Any CPU = Debug|Any CPU
		Release|Any CPU = Release|Any CPU
	EndGlobalSection
	GlobalSection(ProjectConfigurationPlatforms) = postSolution
		{4AD244CB-3242-4E0A-9B06-29FC7FA4D91C}.Debug|Any CPU.ActiveCfg = Debug|Any CPU
		{4AD244CB-3242-4E0A-9B06-29FC7FA4D91C}.Debug|Any CPU.Build.0 = Debug|Any CPU
		{4AD244CB-3242-4E0A-9B06-29FC7FA4D91C}.Release|Any CPU.ActiveCfg = Release|Any CPU
		{4AD244CB-3242-4E0A-9B06-29FC7FA4D91C}.Release|Any CPU.Build.0 = Release|Any CPU
	EndGlobalSection
	GlobalSection(SolutionProperties) = preSolution
		HideSolutionNode = FALSE
	EndGlobalSection
	GlobalSection(ExtensibilityGlobals) = postSolution
		SolutionGuid = {C86EE236-CF2C-4EF7-B928-F6285A81610D}
	EndGlobalSection
EndGlobal
